
Microsoft Visual Studio Solution File, Format Version 12.00
# Visual Studio 15
VisualStudioVersion = 15.0.28307.489
MinimumVisualStudioVersion = 10.0.40219.1
Project("{FAE04EC0-301F-11D3-BF4B-00C04F79EFBC}") = "IT1050 Repo", "IT1050 Repo\IT1050 Repo.csproj", "{E35839EF-C1AE-4831-8D57-C23614B3B611}"
EndProject
Global
	GlobalSection(SolutionConfigurationPlatforms) = preSolution
		Debug|Any CPU = Debug|Any CPU
		Release|Any CPU = Release|Any CPU
	EndGlobalSection
	GlobalSection(ProjectConfigurationPlatforms) = postSolution
		{E35839EF-C1AE-4831-8D57-C23614B3B611}.Debug|Any CPU.ActiveCfg = Debug|Any CPU
		{E35839EF-C1AE-4831-8D57-C23614B3B611}.Debug|Any CPU.Build.0 = Debug|Any CPU
		{E35839EF-C1AE-4831-8D57-C23614B3B611}.Release|Any CPU.ActiveCfg = Release|Any CPU
		{E35839EF-C1AE-4831-8D57-C23614B3B611}.Release|Any CPU.Build.0 = Release|Any CPU
	EndGlobalSection
	GlobalSection(SolutionProperties) = preSolution
		HideSolutionNode = FALSE
	EndGlobalSection
	GlobalSection(ExtensibilityGlobals) = postSolution
		SolutionGuid = {CBE6F350-D544-4CD0-9EC0-31524968ACEF}
	EndGlobalSection
EndGlobal
